# THIS IS AN AUTOGENERATED FILE. DO NOT EDIT THIS FILE DIRECTLY.
# yarn lockfile v1


sortablejs@^1.15.4:
  version "1.15.4"
  resolved "https://registry.yarnpkg.com/sortablejs/-/sortablejs-1.15.4.tgz#f5601f6aa725df1601c09a4a50a8f4ea5d95d96b"
  integrity sha512-wr7G5Id/WNllca5yF9I2vsz/2wDKJebX5FJBtfUFBGGpaaIVjW4kziAnNMEcigaTZAaPLB92NYBGqWenGDH++g==
